
Microsoft Visual Studio Solution File, Format Version 12.00
# Visual Studio Version 17
VisualStudioVersion = 17.10.35004.147
MinimumVisualStudioVersion = 10.0.40219.1
Project("{FAE04EC0-301F-11D3-BF4B-00C04F79EFBC}") = "SQLit-Test", "SQLit-Test.csproj", "{941F36FF-3F29-4882-82B8-B96EB21B3739}"
EndProject
Global
	GlobalSection(SolutionConfigurationPlatforms) = preSolution
		Debug|Any CPU = Debug|Any CPU
		Release|Any CPU = Release|Any CPU
	EndGlobalSection
	GlobalSection(ProjectConfigurationPlatforms) = postSolution
		{941F36FF-3F29-4882-82B8-B96EB21B3739}.Debug|Any CPU.ActiveCfg = Debug|Any CPU
		{941F36FF-3F29-4882-82B8-B96EB21B3739}.Debug|Any CPU.Build.0 = Debug|Any CPU
		{941F36FF-3F29-4882-82B8-B96EB21B3739}.Release|Any CPU.ActiveCfg = Release|Any CPU
		{941F36FF-3F29-4882-82B8-B96EB21B3739}.Release|Any CPU.Build.0 = Release|Any CPU
	EndGlobalSection
	GlobalSection(SolutionProperties) = preSolution
		HideSolutionNode = FALSE
	EndGlobalSection
	GlobalSection(ExtensibilityGlobals) = postSolution
		SolutionGuid = {54904E9D-F312-4E5D-9505-93C51202D34E}
	EndGlobalSection
EndGlobal
